// !$*UTF8*$!
{
	archiveVersion = 1;
	classes = {
	};
	objectVersion = 46;
	objects = {

/* Begin PBXBuildFile section */
		BAB790B41AB0119700A3D8DD /* main.m in Sources */ = {isa = PBXBuildFile; fileRef = BAB790B31AB0119700A3D8DD /* main.m */; };
		BAB790B71AB0119700A3D8DD /* AppDelegate.m in Sources */ = {isa = PBXBuildFile; fileRef = BAB790B61AB0119700A3D8DD /* AppDelegate.m */; };
		BAB790BA1AB0119700A3D8DD /* GameScene.m in Sources */ = {isa = PBXBuildFile; fileRef = BAB790B91AB0119700A3D8DD /* GameScene.m */; };
		BAB790BC1AB0119700A3D8DD /* GameScene.sks in Resources */ = {isa = PBXBuildFile; fileRef = BAB790BB1AB0119700A3D8DD /* GameScene.sks */; };
		BAB790BF1AB0119700A3D8DD /* GameViewController.m in Sources */ = {isa = PBXBuildFile; fileRef = BAB790BE1AB0119700A3D8DD /* GameViewController.m */; };
		BAB790C21AB0119700A3D8DD /* Main.storyboard in Resources */ = {isa = PBXBuildFile; fileRef = BAB790C01AB0119700A3D8DD /* Main.storyboard */; };
		BAB790C41AB0119700A3D8DD /* Images.xcassets in Resources */ = {isa = PBXBuildFile; fileRef = BAB790C31AB0119700A3D8DD /* Images.xcassets */; };
		BAB790C71AB0119700A3D8DD /* LaunchScreen.xib in Resources */ = {isa = PBXBuildFile; fileRef = BAB790C51AB0119700A3D8DD /* LaunchScreen.xib */; };
		BAB790D31AB0119700A3D8DD /* PulseTests.m in Sources */ = {isa = PBXBuildFile; fileRef = BAB790D21AB0119700A3D8DD /* PulseTests.m */; };
/* End PBXBuildFile section */

/* Begin PBXContainerItemProxy section */
		BAB790CD1AB0119700A3D8DD /* PBXContainerItemProxy */ = {
			isa = PBXContainerItemProxy;
			containerPortal = BAB790A61AB0119700A3D8DD /* Project object */;
			proxyType = 1;
			remoteGlobalIDString = BAB790AD1AB0119700A3D8DD;
			remoteInfo = Pulse;
		};
/* End PBXContainerItemProxy section */

/* Begin PBXFileReference section */
		BAB790AE1AB0119700A3D8DD /* Pulse.app */ = {isa = PBXFileReference; explicitFileType = wrapper.application; includeInIndex = 0; path = Pulse.app; sourceTree = BUILT_PRODUCTS_DIR; };
		BAB790B21AB0119700A3D8DD /* Info.plist */ = {isa = PBXFileReference; lastKnownFileType = text.plist.xml; path = Info.plist; sourceTree = "<group>"; };
		BAB790B31AB0119700A3D8DD /* main.m */ = {isa = PBXFileReference; lastKnownFileType = sourcecode.c.objc; path = main.m; sourceTree = "<group>"; };
		BAB790B51AB0119700A3D8DD /* AppDelegate.h */ = {isa = PBXFileReference; lastKnownFileType = sourcecode.c.h; path = AppDelegate.h; sourceTree = "<group>"; };
		BAB790B61AB0119700A3D8DD /* AppDelegate.m */ = {isa = PBXFileReference; lastKnownFileType = sourcecode.c.objc; path = AppDelegate.m; sourceTree = "<group>"; };
		BAB790B81AB0119700A3D8DD /* GameScene.h */ = {isa = PBXFileReference; lastKnownFileType = sourcecode.c.h; path = GameScene.h; sourceTree = "<group>"; };
		BAB790B91AB0119700A3D8DD /* GameScene.m */ = {isa = PBXFileReference; lastKnownFileType = sourcecode.c.objc; path = GameScene.m; sourceTree = "<group>"; };
		BAB790BB1AB0119700A3D8DD /* GameScene.sks */ = {isa = PBXFileReference; lastKnownFileType = file.sks; path = GameScene.sks; sourceTree = "<group>"; };
		BAB790BD1AB0119700A3D8DD /* GameViewController.h */ = {isa = PBXFileReference; lastKnownFileType = sourcecode.c.h; path = GameViewController.h; sourceTree = "<group>"; };
		BAB790BE1AB0119700A3D8DD /* GameViewController.m */ = {isa = PBXFileReference; lastKnownFileType = sourcecode.c.objc; path = GameViewController.m; sourceTree = "<group>"; };
		BAB790C11AB0119700A3D8DD /* Base */ = {isa = PBXFileReference; lastKnownFileType = file.storyboard; name = Base; path = Base.lproj/Main.storyboard; sourceTree = "<group>"; };
		BAB790C31AB0119700A3D8DD /* Images.xcassets */ = {isa = PBXFileReference; lastKnownFileType = folder.assetcatalog; path = Images.xcassets; sourceTree = "<group>"; };
		BAB790C61AB0119700A3D8DD /* Base */ = {isa = PBXFileReference; lastKnownFileType = file.xib; name = Base; path = Base.lproj/LaunchScreen.xib; sourceTree = "<group>"; };
		BAB790CC1AB0119700A3D8DD /* PulseTests.xctest */ = {isa = PBXFileReference; explicitFileType = wrapper.cfbundle; includeInIndex = 0; path = PulseTests.xctest; sourceTree = BUILT_PRODUCTS_DIR; };
		BAB790D11AB0119700A3D8DD /* Info.plist */ = {isa = PBXFileReference; lastKnownFileType = text.plist.xml; path = Info.plist; sourceTree = "<group>"; };
		BAB790D21AB0119700A3D8DD /* PulseTests.m */ = {isa = PBXFileReference; lastKnownFileType = sourcecode.c.objc; path = PulseTests.m; sourceTree = "<group>"; };
/* End PBXFileReference section */

/* Begin PBXFrameworksBuildPhase section */
		BAB790AB1AB0119700A3D8DD /* Frameworks */ = {
			isa = PBXFrameworksBuildPhase;
			buildActionMask = 2147483647;
			files = (
			);
			runOnlyForDeploymentPostprocessing = 0;
		};
		BAB790C91AB0119700A3D8DD /* Frameworks */ = {
			isa = PBXFrameworksBuildPhase;
			buildActionMask = 2147483647;
			files = (
			);
			runOnlyForDeploymentPostprocessing = 0;
		};
/* End PBXFrameworksBuildPhase section */

/* Begin PBXGroup section */
		BAB790A51AB0119700A3D8DD = {
			isa = PBXGroup;
			children = (
				BAB790B01AB0119700A3D8DD /* Pulse */,
				BAB790CF1AB0119700A3D8DD /* PulseTests */,
				BAB790AF1AB0119700A3D8DD /* Products */,
			);
			sourceTree = "<group>";
		};
		BAB790AF1AB0119700A3D8DD /* Products */ = {
			isa = PBXGroup;
			children = (
				BAB790AE1AB0119700A3D8DD /* Pulse.app */,
				BAB790CC1AB0119700A3D8DD /* PulseTests.xctest */,
			);
			name = Products;
			sourceTree = "<group>";
		};
		BAB790B01AB0119700A3D8DD /* Pulse */ = {
			isa = PBXGroup;
			children = (
				BAB790B51AB0119700A3D8DD /* AppDelegate.h */,
				BAB790B61AB0119700A3D8DD /* AppDelegate.m */,
				BAB790B81AB0119700A3D8DD /* GameScene.h */,
				BAB790B91AB0119700A3D8DD /* GameScene.m */,
				BAB790BB1AB0119700A3D8DD /* GameScene.sks */,
				BAB790BD1AB0119700A3D8DD /* GameViewController.h */,
				BAB790BE1AB0119700A3D8DD /* GameViewController.m */,
				BAB790C01AB0119700A3D8DD /* Main.storyboard */,
				BAB790C31AB0119700A3D8DD /* Images.xcassets */,
				BAB790C51AB0119700A3D8DD /* LaunchScreen.xib */,
				BAB790B11AB0119700A3D8DD /* Supporting Files */,
			);
			path = Pulse;
			sourceTree = "<group>";
		};
		BAB790B11AB0119700A3D8DD /* Supporting Files */ = {
			isa = PBXGroup;
			children = (
				BAB790B21AB0119700A3D8DD /* Info.plist */,
				BAB790B31AB0119700A3D8DD /* main.m */,
			);
			name = "Supporting Files";
			sourceTree = "<group>";
		};
		BAB790CF1AB0119700A3D8DD /* PulseTests */ = {
			isa = PBXGroup;
			children = (
				BAB790D21AB0119700A3D8DD /* PulseTests.m */,
				BAB790D01AB0119700A3D8DD /* Supporting Files */,
			);
			path = PulseTests;
			sourceTree = "<group>";
		};
		BAB790D01AB0119700A3D8DD /* Supporting Files */ = {
			isa = PBXGroup;
			children = (
				BAB790D11AB0119700A3D8DD /* Info.plist */,
			);
			name = "Supporting Files";
			sourceTree = "<group>";
		};
/* End PBXGroup section */

/* Begin PBXNativeTarget section */
		BAB790AD1AB0119700A3D8DD /* Pulse */ = {
			isa = PBXNativeTarget;
			buildConfigurationList = BAB790D61AB0119700A3D8DD /* Build configuration list for PBXNativeTarget "Pulse" */;
			buildPhases = (
				BAB790AA1AB0119700A3D8DD /* Sources */,
				BAB790AB1AB0119700A3D8DD /* Frameworks */,
				BAB790AC1AB0119700A3D8DD /* Resources */,
			);
			buildRules = (
			);
			dependencies = (
			);
			name = Pulse;
			productName = Pulse;
			productReference = BAB790AE1AB0119700A3D8DD /* Pulse.app */;
			productType = "com.apple.product-type.application";
		};
		BAB790CB1AB0119700A3D8DD /* PulseTests */ = {
			isa = PBXNativeTarget;
			buildConfigurationList = BAB790D91AB0119700A3D8DD /* Build configuration list for PBXNativeTarget "PulseTests" */;
			buildPhases = (
				BAB790C81AB0119700A3D8DD /* Sources */,
				BAB790C91AB0119700A3D8DD /* Frameworks */,
				BAB790CA1AB0119700A3D8DD /* Resources */,
			);
			buildRules = (
			);
			dependencies = (
				BAB790CE1AB0119700A3D8DD /* PBXTargetDependency */,
			);
			name = PulseTests;
			productName = PulseTests;
			productReference = BAB790CC1AB0119700A3D8DD /* PulseTests.xctest */;
			productType = "com.apple.product-type.bundle.unit-test";
		};
/* End PBXNativeTarget section */

/* Begin PBXProject section */
		BAB790A61AB0119700A3D8DD /* Project object */ = {
			isa = PBXProject;
			attributes = {
				LastUpgradeCheck = 0610;
				ORGANIZATIONNAME = "Henry Thiemann";
				TargetAttributes = {
					BAB790AD1AB0119700A3D8DD = {
						CreatedOnToolsVersion = 6.1.1;
					};
					BAB790CB1AB0119700A3D8DD = {
						CreatedOnToolsVersion = 6.1.1;
						TestTargetID = BAB790AD1AB0119700A3D8DD;
					};
				};
			};
			buildConfigurationList = BAB790A91AB0119700A3D8DD /* Build configuration list for PBXProject "Pulse" */;
			compatibilityVersion = "Xcode 3.2";
			developmentRegion = English;
			hasScannedForEncodings = 0;
			knownRegions = (
				en,
				Base,
			);
			mainGroup = BAB790A51AB0119700A3D8DD;
			productRefGroup = BAB790AF1AB0119700A3D8DD /* Products */;
			projectDirPath = "";
			projectRoot = "";
			targets = (
				BAB790AD1AB0119700A3D8DD /* Pulse */,
				BAB790CB1AB0119700A3D8DD /* PulseTests */,
			);
		};
/* End PBXProject section */

/* Begin PBXResourcesBuildPhase section */
		BAB790AC1AB0119700A3D8DD /* Resources */ = {
			isa = PBXResourcesBuildPhase;
			buildActionMask = 2147483647;
			files = (
				BAB790C71AB0119700A3D8DD /* LaunchScreen.xib in Resources */,
				BAB790C41AB0119700A3D8DD /* Images.xcassets in Resources */,
				BAB790BC1AB0119700A3D8DD /* GameScene.sks in Resources */,
				BAB790C21AB0119700A3D8DD /* Main.storyboard in Resources */,
			);
			runOnlyForDeploymentPostprocessing = 0;
		};
		BAB790CA1AB0119700A3D8DD /* Resources */ = {
			isa = PBXResourcesBuildPhase;
			buildActionMask = 2147483647;
			files = (
			);
			runOnlyForDeploymentPostprocessing = 0;
		};
/* End PBXResourcesBuildPhase section */

/* Begin PBXSourcesBuildPhase section */
		BAB790AA1AB0119700A3D8DD /* Sources */ = {
			isa = PBXSourcesBuildPhase;
			buildActionMask = 2147483647;
			files = (
				BAB790BF1AB0119700A3D8DD /* GameViewController.m in Sources */,
				BAB790B71AB0119700A3D8DD /* AppDelegate.m in Sources */,
				BAB790BA1AB0119700A3D8DD /* GameScene.m in Sources */,
				BAB790B41AB0119700A3D8DD /* main.m in Sources */,
			);
			runOnlyForDeploymentPostprocessing = 0;
		};
		BAB790C81AB0119700A3D8DD /* Sources */ = {
			isa = PBXSourcesBuildPhase;
			buildActionMask = 2147483647;
			files = (
				BAB790D31AB0119700A3D8DD /* PulseTests.m in Sources */,
			);
			runOnlyForDeploymentPostprocessing = 0;
		};
/* End PBXSourcesBuildPhase section */

/* Begin PBXTargetDependency section */
		BAB790CE1AB0119700A3D8DD /* PBXTargetDependency */ = {
			isa = PBXTargetDependency;
			target = BAB790AD1AB0119700A3D8DD /* Pulse */;
			targetProxy = BAB790CD1AB0119700A3D8DD /* PBXContainerItemProxy */;
		};
/* End PBXTargetDependency section */

/* Begin PBXVariantGroup section */
		BAB790C01AB0119700A3D8DD /* Main.storyboard */ = {
			isa = PBXVariantGroup;
			children = (
				BAB790C11AB0119700A3D8DD /* Base */,
			);
			name = Main.storyboard;
			sourceTree = "<group>";
		};
		BAB790C51AB0119700A3D8DD /* LaunchScreen.xib */ = {
			isa = PBXVariantGroup;
			children = (
				BAB790C61AB0119700A3D8DD /* Base */,
			);
			name = LaunchScreen.xib;
			sourceTree = "<group>";
		};
/* End PBXVariantGroup section */

/* Begin XCBuildConfiguration section */
		BAB790D41AB0119700A3D8DD /* Debug */ = {
			isa = XCBuildConfiguration;
			buildSettings = {
				ALWAYS_SEARCH_USER_PATHS = NO;
				CLANG_CXX_LANGUAGE_STANDARD = "gnu++0x";
				CLANG_CXX_LIBRARY = "libc++";
				CLANG_ENABLE_MODULES = YES;
				CLANG_ENABLE_OBJC_ARC = YES;
				CLANG_WARN_BOOL_CONVERSION = YES;
				CLANG_WARN_CONSTANT_CONVERSION = YES;
				CLANG_WARN_DIRECT_OBJC_ISA_USAGE = YES_ERROR;
				CLANG_WARN_EMPTY_BODY = YES;
				CLANG_WARN_ENUM_CONVERSION = YES;
				CLANG_WARN_INT_CONVERSION = YES;
				CLANG_WARN_OBJC_ROOT_CLASS = YES_ERROR;
				CLANG_WARN_UNREACHABLE_CODE = YES;
				CLANG_WARN__DUPLICATE_METHOD_MATCH = YES;
				"CODE_SIGN_IDENTITY[sdk=iphoneos*]" = "iPhone Developer";
				COPY_PHASE_STRIP = NO;
				ENABLE_STRICT_OBJC_MSGSEND = YES;
				GCC_C_LANGUAGE_STANDARD = gnu99;
				GCC_DYNAMIC_NO_PIC = NO;
				GCC_OPTIMIZATION_LEVEL = 0;
				GCC_PREPROCESSOR_DEFINITIONS = (
					"DEBUG=1",
					"$(inherited)",
				);
				GCC_SYMBOLS_PRIVATE_EXTERN = NO;
				GCC_WARN_64_TO_32_BIT_CONVERSION = YES;
				GCC_WARN_ABOUT_RETURN_TYPE = YES_ERROR;
				GCC_WARN_UNDECLARED_SELECTOR = YES;
				GCC_WARN_UNINITIALIZED_AUTOS = YES_AGGRESSIVE;
				GCC_WARN_UNUSED_FUNCTION = YES;
				GCC_WARN_UNUSED_VARIABLE = YES;
				IPHONEOS_DEPLOYMENT_TARGET = 8.1;
				MTL_ENABLE_DEBUG_INFO = YES;
				ONLY_ACTIVE_ARCH = YES;
				SDKROOT = iphoneos;
				TARGETED_DEVICE_FAMILY = "1,2";
			};
			name = Debug;
		};
		BAB790D51AB0119700A3D8DD /* Release */ = {
			isa = XCBuildConfiguration;
			buildSettings = {
				ALWAYS_SEARCH_USER_PATHS = NO;
				CLANG_CXX_LANGUAGE_STANDARD = "gnu++0x";
				CLANG_CXX_LIBRARY = "libc++";
				CLANG_ENABLE_MODULES = YES;
				CLANG_ENABLE_OBJC_ARC = YES;
				CLANG_WARN_BOOL_CONVERSION = YES;
				CLANG_WARN_CONSTANT_CONVERSION = YES;
				CLANG_WARN_DIRECT_OBJC_ISA_USAGE = YES_ERROR;
				CLANG_WARN_EMPTY_BODY = YES;
				CLANG_WARN_ENUM_CONVERSION = YES;
				CLANG_WARN_INT_CONVERSION = YES;
				CLANG_WARN_OBJC_ROOT_CLASS = YES_ERROR;
				CLANG_WARN_UNREACHABLE_CODE = YES;
				CLANG_WARN__DUPLICATE_METHOD_MATCH = YES;
				"CODE_SIGN_IDENTITY[sdk=iphoneos*]" = "iPhone Developer";
				COPY_PHASE_STRIP = YES;
				ENABLE_NS_ASSERTIONS = NO;
				ENABLE_STRICT_OBJC_MSGSEND = YES;
				GCC_C_LANGUAGE_STANDARD = gnu99;
				GCC_WARN_64_TO_32_BIT_CONVERSION = YES;
				GCC_WARN_ABOUT_RETURN_TYPE = YES_ERROR;
				GCC_WARN_UNDECLARED_SELECTOR = YES;
				GCC_WARN_UNINITIALIZED_AUTOS = YES_AGGRESSIVE;
				GCC_WARN_UNUSED_FUNCTION = YES;
				GCC_WARN_UNUSED_VARIABLE = YES;
				IPHONEOS_DEPLOYMENT_TARGET = 8.1;
				MTL_ENABLE_DEBUG_INFO = NO;
				SDKROOT = iphoneos;
				TARGETED_DEVICE_FAMILY = "1,2";
				VALIDATE_PRODUCT = YES;
			};
			name = Release;
		};
		BAB790D71AB0119700A3D8DD /* Debug */ = {
			isa = XCBuildConfiguration;
			buildSettings = {
				ASSETCATALOG_COMPILER_APPICON_NAME = AppIcon;
				INFOPLIST_FILE = Pulse/Info.plist;
				LD_RUNPATH_SEARCH_PATHS = "$(inherited) @executable_path/Frameworks";
				PRODUCT_NAME = "$(TARGET_NAME)";
			};
			name = Debug;
		};
		BAB790D81AB0119700A3D8DD /* Release */ = {
			isa = XCBuildConfiguration;
			buildSettings = {
				ASSETCATALOG_COMPILER_APPICON_NAME = AppIcon;
				INFOPLIST_FILE = Pulse/Info.plist;
				LD_RUNPATH_SEARCH_PATHS = "$(inherited) @executable_path/Frameworks";
				PRODUCT_NAME = "$(TARGET_NAME)";
			};
			name = Release;
		};
		BAB790DA1AB0119700A3D8DD /* Debug */ = {
			isa = XCBuildConfiguration;
			buildSettings = {
				BUNDLE_LOADER = "$(TEST_HOST)";
				FRAMEWORK_SEARCH_PATHS = (
					"$(SDKROOT)/Developer/Library/Frameworks",
					"$(inherited)",
				);
				GCC_PREPROCESSOR_DEFINITIONS = (
					"DEBUG=1",
					"$(inherited)",
				);
				INFOPLIST_FILE = PulseTests/Info.plist;
				LD_RUNPATH_SEARCH_PATHS = "$(inherited) @executable_path/Frameworks @loader_path/Frameworks";
				PRODUCT_NAME = "$(TARGET_NAME)";
				TEST_HOST = "$(BUILT_PRODUCTS_DIR)/Pulse.app/Pulse";
			};
			name = Debug;
		};
		BAB790DB1AB0119700A3D8DD /* Release */ = {
			isa = XCBuildConfiguration;
			buildSettings = {
				BUNDLE_LOADER = "$(TEST_HOST)";
				FRAMEWORK_SEARCH_PATHS = (
					"$(SDKROOT)/Developer/Library/Frameworks",
					"$(inherited)",
				);
				INFOPLIST_FILE = PulseTests/Info.plist;
				LD_RUNPATH_SEARCH_PATHS = "$(inherited) @executable_path/Frameworks @loader_path/Frameworks";
				PRODUCT_NAME = "$(TARGET_NAME)";
				TEST_HOST = "$(BUILT_PRODUCTS_DIR)/Pulse.app/Pulse";
			};
			name = Release;
		};
/* End XCBuildConfiguration section */

/* Begin XCConfigurationList section */
		BAB790A91AB0119700A3D8DD /* Build configuration list for PBXProject "Pulse" */ = {
			isa = XCConfigurationList;
			buildConfigurations = (
				BAB790D41AB0119700A3D8DD /* Debug */,
				BAB790D51AB0119700A3D8DD /* Release */,
			);
			defaultConfigurationIsVisible = 0;
			defaultConfigurationName = Release;
		};
		BAB790D61AB0119700A3D8DD /* Build configuration list for PBXNativeTarget "Pulse" */ = {
			isa = XCConfigurationList;
			buildConfigurations = (
				BAB790D71AB0119700A3D8DD /* Debug */,
				BAB790D81AB0119700A3D8DD /* Release */,
			);
			defaultConfigurationIsVisible = 0;
		};
		BAB790D91AB0119700A3D8DD /* Build configuration list for PBXNativeTarget "PulseTests" */ = {
			isa = XCConfigurationList;
			buildConfigurations = (
				BAB790DA1AB0119700A3D8DD /* Debug */,
				BAB790DB1AB0119700A3D8DD /* Release */,
			);
			defaultConfigurationIsVisible = 0;
		};
/* End XCConfigurationList section */
	};
	rootObject = BAB790A61AB0119700A3D8DD /* Project object */;
}
